
Microsoft Visual Studio Solution File, Format Version 12.00
# Visual Studio Version 16
VisualStudioVersion = 16.0.30114.105
MinimumVisualStudioVersion = 10.0.40219.1
Project("{FAE04EC0-301F-11D3-BF4B-00C04F79EFBC}") = "Base64JpegConvert", "Base64JpegConvert\Base64JpegConvert.csproj", "{CA73D50F-422D-4780-9423-75AE8FA6EA40}"
EndProject
Global
	GlobalSection(SolutionConfigurationPlatforms) = preSolution
		Debug|Any CPU = Debug|Any CPU
		Release|Any CPU = Release|Any CPU
	EndGlobalSection
	GlobalSection(ProjectConfigurationPlatforms) = postSolution
		{CA73D50F-422D-4780-9423-75AE8FA6EA40}.Debug|Any CPU.ActiveCfg = Debug|Any CPU
		{CA73D50F-422D-4780-9423-75AE8FA6EA40}.Debug|Any CPU.Build.0 = Debug|Any CPU
		{CA73D50F-422D-4780-9423-75AE8FA6EA40}.Release|Any CPU.ActiveCfg = Release|Any CPU
		{CA73D50F-422D-4780-9423-75AE8FA6EA40}.Release|Any CPU.Build.0 = Release|Any CPU
	EndGlobalSection
	GlobalSection(SolutionProperties) = preSolution
		HideSolutionNode = FALSE
	EndGlobalSection
	GlobalSection(ExtensibilityGlobals) = postSolution
		SolutionGuid = {94B2A044-90EE-4AD3-84B1-8D8507D96239}
	EndGlobalSection
EndGlobal
